
Microsoft Visual Studio Solution File, Format Version 12.00
# Visual Studio Version 16
VisualStudioVersion = 16.0.29215.179
MinimumVisualStudioVersion = 10.0.40219.1
Project("{FAE04EC0-301F-11D3-BF4B-00C04F79EFBC}") = "LiveHealthy", "LiveHealthy.csproj", "{6E6A4A3E-EBC6-4D84-BB1E-C52114AF73E8}"
EndProject
Project("{FAE04EC0-301F-11D3-BF4B-00C04F79EFBC}") = "LiveHealthy.Tests", "..\LiveHealthy.Tests\LiveHealthy.Tests.csproj", "{25D5D932-21FA-4D5C-B2D1-BEFAC65343F7}"
EndProject
Global
	GlobalSection(SolutionConfigurationPlatforms) = preSolution
		Debug|Any CPU = Debug|Any CPU
		Release|Any CPU = Release|Any CPU
	EndGlobalSection
	GlobalSection(ProjectConfigurationPlatforms) = postSolution
		{6E6A4A3E-EBC6-4D84-BB1E-C52114AF73E8}.Debug|Any CPU.ActiveCfg = Debug|Any CPU
		{6E6A4A3E-EBC6-4D84-BB1E-C52114AF73E8}.Debug|Any CPU.Build.0 = Debug|Any CPU
		{6E6A4A3E-EBC6-4D84-BB1E-C52114AF73E8}.Release|Any CPU.ActiveCfg = Release|Any CPU
		{6E6A4A3E-EBC6-4D84-BB1E-C52114AF73E8}.Release|Any CPU.Build.0 = Release|Any CPU
		{25D5D932-21FA-4D5C-B2D1-BEFAC65343F7}.Debug|Any CPU.ActiveCfg = Debug|Any CPU
		{25D5D932-21FA-4D5C-B2D1-BEFAC65343F7}.Debug|Any CPU.Build.0 = Debug|Any CPU
		{25D5D932-21FA-4D5C-B2D1-BEFAC65343F7}.Release|Any CPU.ActiveCfg = Release|Any CPU
		{25D5D932-21FA-4D5C-B2D1-BEFAC65343F7}.Release|Any CPU.Build.0 = Release|Any CPU
	EndGlobalSection
	GlobalSection(SolutionProperties) = preSolution
		HideSolutionNode = FALSE
	EndGlobalSection
	GlobalSection(ExtensibilityGlobals) = postSolution
		SolutionGuid = {79B61E4D-EF6F-4F87-BF97-E95BEB010FF3}
	EndGlobalSection
EndGlobal
